
Microsoft Visual Studio Solution File, Format Version 12.00
# Visual Studio Version 17
VisualStudioVersion = 17.5.33627.172
MinimumVisualStudioVersion = 10.0.40219.1
Project("{FAE04EC0-301F-11D3-BF4B-00C04F79EFBC}") = "Domain", "Domain\Domain.csproj", "{4E3E69F7-2BB3-4087-8488-56E3A5F2EA4E}"
EndProject
Project("{2150E333-8FDC-42A3-9474-1A3956D46DE8}") = "GameAdapters", "GameAdapters", "{00AB4E2E-AF6A-49D3-9F04-1F47CDDBAD44}"
EndProject
Project("{FAE04EC0-301F-11D3-BF4B-00C04F79EFBC}") = "GameAdapter.TicTacToe", "GameAdapter.TicTacToe\GameAdapter.TicTacToe.csproj", "{DC87E3E0-C69C-4231-A140-73B3DE72B843}"
EndProject
Project("{FAE04EC0-301F-11D3-BF4B-00C04F79EFBC}") = "Application", "Application\Application.csproj", "{114ACA6F-4E98-4FFB-AC95-2814B072725B}"
EndProject
Global
	GlobalSection(SolutionConfigurationPlatforms) = preSolution
		Debug|Any CPU = Debug|Any CPU
		Release|Any CPU = Release|Any CPU
	EndGlobalSection
	GlobalSection(ProjectConfigurationPlatforms) = postSolution
		{4E3E69F7-2BB3-4087-8488-56E3A5F2EA4E}.Debug|Any CPU.ActiveCfg = Debug|Any CPU
		{4E3E69F7-2BB3-4087-8488-56E3A5F2EA4E}.Debug|Any CPU.Build.0 = Debug|Any CPU
		{4E3E69F7-2BB3-4087-8488-56E3A5F2EA4E}.Release|Any CPU.ActiveCfg = Release|Any CPU
		{4E3E69F7-2BB3-4087-8488-56E3A5F2EA4E}.Release|Any CPU.Build.0 = Release|Any CPU
		{DC87E3E0-C69C-4231-A140-73B3DE72B843}.Debug|Any CPU.ActiveCfg = Debug|Any CPU
		{DC87E3E0-C69C-4231-A140-73B3DE72B843}.Debug|Any CPU.Build.0 = Debug|Any CPU
		{DC87E3E0-C69C-4231-A140-73B3DE72B843}.Release|Any CPU.ActiveCfg = Release|Any CPU
		{DC87E3E0-C69C-4231-A140-73B3DE72B843}.Release|Any CPU.Build.0 = Release|Any CPU
		{114ACA6F-4E98-4FFB-AC95-2814B072725B}.Debug|Any CPU.ActiveCfg = Debug|Any CPU
		{114ACA6F-4E98-4FFB-AC95-2814B072725B}.Debug|Any CPU.Build.0 = Debug|Any CPU
		{114ACA6F-4E98-4FFB-AC95-2814B072725B}.Release|Any CPU.ActiveCfg = Release|Any CPU
		{114ACA6F-4E98-4FFB-AC95-2814B072725B}.Release|Any CPU.Build.0 = Release|Any CPU
	EndGlobalSection
	GlobalSection(SolutionProperties) = preSolution
		HideSolutionNode = FALSE
	EndGlobalSection
	GlobalSection(NestedProjects) = preSolution
		{DC87E3E0-C69C-4231-A140-73B3DE72B843} = {00AB4E2E-AF6A-49D3-9F04-1F47CDDBAD44}
	EndGlobalSection
	GlobalSection(ExtensibilityGlobals) = postSolution
		SolutionGuid = {55C0C433-A875-4BDE-98FD-BCC96E88E7A0}
	EndGlobalSection
EndGlobal
